
Microsoft Visual Studio Solution File, Format Version 11.00
# Visual Studio 2010
Project("{FAE04EC0-301F-11D3-BF4B-00C04F79EFBC}") = "RavenDB-Sample", "RavenDB-Sample\RavenDB-Sample.csproj", "{16DDFB57-BD88-42E7-85A5-9F82A368D29E}"
EndProject
Global
	GlobalSection(SolutionConfigurationPlatforms) = preSolution
		Debug|Any CPU = Debug|Any CPU
		Release|Any CPU = Release|Any CPU
	EndGlobalSection
	GlobalSection(ProjectConfigurationPlatforms) = postSolution
		{16DDFB57-BD88-42E7-85A5-9F82A368D29E}.Debug|Any CPU.ActiveCfg = Debug|Any CPU
		{16DDFB57-BD88-42E7-85A5-9F82A368D29E}.Debug|Any CPU.Build.0 = Debug|Any CPU
		{16DDFB57-BD88-42E7-85A5-9F82A368D29E}.Release|Any CPU.ActiveCfg = Release|Any CPU
		{16DDFB57-BD88-42E7-85A5-9F82A368D29E}.Release|Any CPU.Build.0 = Release|Any CPU
	EndGlobalSection
	GlobalSection(SolutionProperties) = preSolution
		HideSolutionNode = FALSE
	EndGlobalSection
EndGlobal
